
Microsoft Visual Studio Solution File, Format Version 12.00
# Visual Studio 15
VisualStudioVersion = 15.0.28307.960
MinimumVisualStudioVersion = 10.0.40219.1
Project("{2150E333-8FDC-42A3-9474-1A3956D46DE8}") = "Entity class projects", "Entity class projects", "{7A54D94C-7E99-4D3D-BAF6-31E05507073F}"
EndProject
Project("{F184B08F-C81C-45F6-A57F-5ABD9991F28F}") = "Backend", "Backend\Backend.vbproj", "{BFFC6D36-D78A-4C1C-AFA0-CA561C164EDD}"
EndProject
Project("{2150E333-8FDC-42A3-9474-1A3956D46DE8}") = "User interfaces", "User interfaces", "{186D0F9B-833D-4A4C-9702-27A1EEF9F7AD}"
EndProject
Project("{F184B08F-C81C-45F6-A57F-5ABD9991F28F}") = "ContactsForm", "ContactsForm\ContactsForm.vbproj", "{B1F61457-3302-4B91-B149-FE5AED3AA7FC}"
EndProject
Project("{2150E333-8FDC-42A3-9474-1A3956D46DE8}") = "Solution Items", "Solution Items", "{0082E588-8FA6-4664-86D0-A5BB4934E1CA}"
	ProjectSection(SolutionItems) = preProject
		FullScript.sql = FullScript.sql
		readme.md = readme.md
	EndProjectSection
EndProject
Project("{F184B08F-C81C-45F6-A57F-5ABD9991F28F}") = "BackendAuditableEntities", "BackendAuditableEntities\BackendAuditableEntities.vbproj", "{3064AF78-CA56-4A83-A9A4-603B5AB8DF4C}"
EndProject
Project("{F184B08F-C81C-45F6-A57F-5ABD9991F28F}") = "AuditableEntitiesFrontEnd", "AuditableEntitiesFrontEnd\AuditableEntitiesFrontEnd.vbproj", "{305894B8-986C-4490-BC54-EDDFEC2C43D4}"
EndProject
Project("{2150E333-8FDC-42A3-9474-1A3956D46DE8}") = "Peek at where things are going", "Peek at where things are going", "{9C145FB4-D950-4D98-97BA-016373313EEA}"
EndProject
Project("{F184B08F-C81C-45F6-A57F-5ABD9991F28F}") = "BackendExperimenting", "BackendExperimenting\BackendExperimenting.vbproj", "{1CB1D1B9-D5BE-4076-ABE6-6AA3EDF33CD4}"
EndProject
Project("{F184B08F-C81C-45F6-A57F-5ABD9991F28F}") = "FrontendExperimenting", "FrontendExperimenting\FrontendExperimenting.vbproj", "{4C8B1785-06E3-432B-AF9F-CC6B1E928E09}"
EndProject
Project("{2150E333-8FDC-42A3-9474-1A3956D46DE8}") = "WinForm controls", "WinForm controls", "{A7419827-6EC2-4EF0-B846-3A1DB45F4CDA}"
EndProject
Project("{FAE04EC0-301F-11D3-BF4B-00C04F79EFBC}") = "DateControls", "DateControls\DateControls.csproj", "{D329E7F5-E561-4B28-94F1-8D2FB0397C72}"
EndProject
Global
	GlobalSection(SolutionConfigurationPlatforms) = preSolution
		Debug|Any CPU = Debug|Any CPU
		Release|Any CPU = Release|Any CPU
	EndGlobalSection
	GlobalSection(ProjectConfigurationPlatforms) = postSolution
		{BFFC6D36-D78A-4C1C-AFA0-CA561C164EDD}.Debug|Any CPU.ActiveCfg = Debug|Any CPU
		{BFFC6D36-D78A-4C1C-AFA0-CA561C164EDD}.Debug|Any CPU.Build.0 = Debug|Any CPU
		{BFFC6D36-D78A-4C1C-AFA0-CA561C164EDD}.Release|Any CPU.ActiveCfg = Release|Any CPU
		{BFFC6D36-D78A-4C1C-AFA0-CA561C164EDD}.Release|Any CPU.Build.0 = Release|Any CPU
		{B1F61457-3302-4B91-B149-FE5AED3AA7FC}.Debug|Any CPU.ActiveCfg = Debug|Any CPU
		{B1F61457-3302-4B91-B149-FE5AED3AA7FC}.Debug|Any CPU.Build.0 = Debug|Any CPU
		{B1F61457-3302-4B91-B149-FE5AED3AA7FC}.Release|Any CPU.ActiveCfg = Release|Any CPU
		{B1F61457-3302-4B91-B149-FE5AED3AA7FC}.Release|Any CPU.Build.0 = Release|Any CPU
		{3064AF78-CA56-4A83-A9A4-603B5AB8DF4C}.Debug|Any CPU.ActiveCfg = Debug|Any CPU
		{3064AF78-CA56-4A83-A9A4-603B5AB8DF4C}.Debug|Any CPU.Build.0 = Debug|Any CPU
		{3064AF78-CA56-4A83-A9A4-603B5AB8DF4C}.Release|Any CPU.ActiveCfg = Release|Any CPU
		{3064AF78-CA56-4A83-A9A4-603B5AB8DF4C}.Release|Any CPU.Build.0 = Release|Any CPU
		{305894B8-986C-4490-BC54-EDDFEC2C43D4}.Debug|Any CPU.ActiveCfg = Debug|Any CPU
		{305894B8-986C-4490-BC54-EDDFEC2C43D4}.Debug|Any CPU.Build.0 = Debug|Any CPU
		{305894B8-986C-4490-BC54-EDDFEC2C43D4}.Release|Any CPU.ActiveCfg = Release|Any CPU
		{305894B8-986C-4490-BC54-EDDFEC2C43D4}.Release|Any CPU.Build.0 = Release|Any CPU
		{1CB1D1B9-D5BE-4076-ABE6-6AA3EDF33CD4}.Debug|Any CPU.ActiveCfg = Debug|Any CPU
		{1CB1D1B9-D5BE-4076-ABE6-6AA3EDF33CD4}.Debug|Any CPU.Build.0 = Debug|Any CPU
		{1CB1D1B9-D5BE-4076-ABE6-6AA3EDF33CD4}.Release|Any CPU.ActiveCfg = Release|Any CPU
		{1CB1D1B9-D5BE-4076-ABE6-6AA3EDF33CD4}.Release|Any CPU.Build.0 = Release|Any CPU
		{4C8B1785-06E3-432B-AF9F-CC6B1E928E09}.Debug|Any CPU.ActiveCfg = Debug|Any CPU
		{4C8B1785-06E3-432B-AF9F-CC6B1E928E09}.Debug|Any CPU.Build.0 = Debug|Any CPU
		{4C8B1785-06E3-432B-AF9F-CC6B1E928E09}.Release|Any CPU.ActiveCfg = Release|Any CPU
		{4C8B1785-06E3-432B-AF9F-CC6B1E928E09}.Release|Any CPU.Build.0 = Release|Any CPU
		{D329E7F5-E561-4B28-94F1-8D2FB0397C72}.Debug|Any CPU.ActiveCfg = Debug|Any CPU
		{D329E7F5-E561-4B28-94F1-8D2FB0397C72}.Debug|Any CPU.Build.0 = Debug|Any CPU
		{D329E7F5-E561-4B28-94F1-8D2FB0397C72}.Release|Any CPU.ActiveCfg = Release|Any CPU
		{D329E7F5-E561-4B28-94F1-8D2FB0397C72}.Release|Any CPU.Build.0 = Release|Any CPU
	EndGlobalSection
	GlobalSection(SolutionProperties) = preSolution
		HideSolutionNode = FALSE
	EndGlobalSection
	GlobalSection(NestedProjects) = preSolution
		{BFFC6D36-D78A-4C1C-AFA0-CA561C164EDD} = {7A54D94C-7E99-4D3D-BAF6-31E05507073F}
		{B1F61457-3302-4B91-B149-FE5AED3AA7FC} = {186D0F9B-833D-4A4C-9702-27A1EEF9F7AD}
		{3064AF78-CA56-4A83-A9A4-603B5AB8DF4C} = {7A54D94C-7E99-4D3D-BAF6-31E05507073F}
		{305894B8-986C-4490-BC54-EDDFEC2C43D4} = {186D0F9B-833D-4A4C-9702-27A1EEF9F7AD}
		{1CB1D1B9-D5BE-4076-ABE6-6AA3EDF33CD4} = {9C145FB4-D950-4D98-97BA-016373313EEA}
		{4C8B1785-06E3-432B-AF9F-CC6B1E928E09} = {9C145FB4-D950-4D98-97BA-016373313EEA}
		{D329E7F5-E561-4B28-94F1-8D2FB0397C72} = {A7419827-6EC2-4EF0-B846-3A1DB45F4CDA}
	EndGlobalSection
	GlobalSection(ExtensibilityGlobals) = postSolution
		SolutionGuid = {DAB5E699-0352-4460-A3CF-0D616BBD52DE}
	EndGlobalSection
EndGlobal
